// !$*UTF8*$!
{
	archiveVersion = 1;
	classes = {
	};
	objectVersion = 56;
	objects = {

/* Begin PBXBuildFile section */
		001 /* SymphonyOpsApp.swift in Sources */ = {isa = PBXBuildFile; fileRef = 101 /* SymphonyOpsApp.swift */; };
		002 /* ContentView.swift in Sources */ = {isa = PBXBuildFile; fileRef = 102 /* ContentView.swift */; };
		003 /* APIClient.swift in Sources */ = {isa = PBXBuildFile; fileRef = 103 /* APIClient.swift */; };
		004 /* Assets.xcassets in Resources */ = {isa = PBXBuildFile; fileRef = 104 /* Assets.xcassets */; };
		005 /* SecretsVault.swift in Sources */ = {isa = PBXBuildFile; fileRef = 105 /* SecretsVault.swift */; };
		006 /* SuiteShell.swift in Sources */ = {isa = PBXBuildFile; fileRef = 106 /* SuiteShell.swift */; };
		007 /* TodayWorkspaceView.swift in Sources */ = {isa = PBXBuildFile; fileRef = 107 /* TodayWorkspaceView.swift */; };
		008 /* ProjectsWorkspaceView.swift in Sources */ = {isa = PBXBuildFile; fileRef = 108 /* ProjectsWorkspaceView.swift */; };
		009 /* SalesToolkitView.swift in Sources */ = {isa = PBXBuildFile; fileRef = 109 /* SalesToolkitView.swift */; };
		00A /* InstallWorkspaceView.swift in Sources */ = {isa = PBXBuildFile; fileRef = 10A /* InstallWorkspaceView.swift */; };
		00B /* OpsAutomationView.swift in Sources */ = {isa = PBXBuildFile; fileRef = 10B /* OpsAutomationView.swift */; };
		00C /* AppVariant.swift in Sources */ = {isa = PBXBuildFile; fileRef = 10C /* AppVariant.swift */; };
/* End PBXBuildFile section */

/* Begin PBXFileReference section */
		100 /* SymphonyOps.app */ = {isa = PBXFileReference; explicitFileType = wrapper.application; includeInIndex = 0; path = SymphonyOps.app; sourceTree = BUILT_PRODUCTS_DIR; };
		101 /* SymphonyOpsApp.swift */ = {isa = PBXFileReference; lastKnownFileType = sourcecode.swift; path = SymphonyOpsApp.swift; sourceTree = "<group>"; };
		102 /* ContentView.swift */ = {isa = PBXFileReference; lastKnownFileType = sourcecode.swift; path = ContentView.swift; sourceTree = "<group>"; };
		103 /* APIClient.swift */ = {isa = PBXFileReference; lastKnownFileType = sourcecode.swift; path = APIClient.swift; sourceTree = "<group>"; };
		104 /* Assets.xcassets */ = {isa = PBXFileReference; lastKnownFileType = folder.assetcatalog; path = Assets.xcassets; sourceTree = "<group>"; };
		105 /* SecretsVault.swift */ = {isa = PBXFileReference; lastKnownFileType = sourcecode.swift; path = SecretsVault.swift; sourceTree = "<group>"; };
		106 /* SuiteShell.swift */ = {isa = PBXFileReference; lastKnownFileType = sourcecode.swift; path = SuiteShell.swift; sourceTree = "<group>"; };
		107 /* TodayWorkspaceView.swift */ = {isa = PBXFileReference; lastKnownFileType = sourcecode.swift; path = TodayWorkspaceView.swift; sourceTree = "<group>"; };
		108 /* ProjectsWorkspaceView.swift */ = {isa = PBXFileReference; lastKnownFileType = sourcecode.swift; path = ProjectsWorkspaceView.swift; sourceTree = "<group>"; };
		109 /* SalesToolkitView.swift */ = {isa = PBXFileReference; lastKnownFileType = sourcecode.swift; path = SalesToolkitView.swift; sourceTree = "<group>"; };
		10A /* InstallWorkspaceView.swift */ = {isa = PBXFileReference; lastKnownFileType = sourcecode.swift; path = InstallWorkspaceView.swift; sourceTree = "<group>"; };
		10B /* OpsAutomationView.swift */ = {isa = PBXFileReference; lastKnownFileType = sourcecode.swift; path = OpsAutomationView.swift; sourceTree = "<group>"; };
		10C /* AppVariant.swift */ = {isa = PBXFileReference; lastKnownFileType = sourcecode.swift; path = AppVariant.swift; sourceTree = "<group>"; };
		110 /* SymphonyProjects.app */ = {isa = PBXFileReference; explicitFileType = wrapper.application; includeInIndex = 0; path = SymphonyProjects.app; sourceTree = BUILT_PRODUCTS_DIR; };
		111 /* SymphonySales.app */ = {isa = PBXFileReference; explicitFileType = wrapper.application; includeInIndex = 0; path = SymphonySales.app; sourceTree = BUILT_PRODUCTS_DIR; };
		112 /* SymphonyInstall.app */ = {isa = PBXFileReference; explicitFileType = wrapper.application; includeInIndex = 0; path = SymphonyInstall.app; sourceTree = BUILT_PRODUCTS_DIR; };
		113 /* SymphonyOpsField.app */ = {isa = PBXFileReference; explicitFileType = wrapper.application; includeInIndex = 0; path = SymphonyOpsField.app; sourceTree = BUILT_PRODUCTS_DIR; };
/* End PBXFileReference section */

/* Begin PBXGroup section */
		200 = {
			isa = PBXGroup;
			children = (
				201 /* SymphonyOps */,
				202 /* Products */,
			);
			sourceTree = "<group>";
		};
		201 /* SymphonyOps */ = {
			isa = PBXGroup;
			children = (
				101 /* SymphonyOpsApp.swift */,
				102 /* ContentView.swift */,
				103 /* APIClient.swift */,
				105 /* SecretsVault.swift */,
				106 /* SuiteShell.swift */,
				107 /* TodayWorkspaceView.swift */,
				108 /* ProjectsWorkspaceView.swift */,
				109 /* SalesToolkitView.swift */,
				10A /* InstallWorkspaceView.swift */,
				10B /* OpsAutomationView.swift */,
				10C /* AppVariant.swift */,
				104 /* Assets.xcassets */,
			);
			path = SymphonyOps;
			sourceTree = "<group>";
		};
		202 /* Products */ = {
			isa = PBXGroup;
			children = (
				100 /* SymphonyOps.app */,
				110 /* SymphonyProjects.app */,
				111 /* SymphonySales.app */,
				112 /* SymphonyInstall.app */,
				113 /* SymphonyOpsField.app */,
			);
			name = Products;
			sourceTree = "<group>";
		};
/* End PBXGroup section */

/* Begin PBXNativeTarget section */
		300 /* SymphonyOps */ = {
			isa = PBXNativeTarget;
			buildConfigurationList = 400 /* Build configuration list for PBXNativeTarget "SymphonyOps" */;
			buildPhases = (
				301 /* Sources */,
				302 /* Resources */,
			);
			buildRules = (
			);
			dependencies = (
			);
			name = SymphonyOps;
			productName = SymphonyOps;
			productReference = 100 /* SymphonyOps.app */;
			productType = "com.apple.product-type.application";
		};
		310 /* SymphonyProjects */ = {
			isa = PBXNativeTarget;
			buildConfigurationList = 410 /* Build configuration list for PBXNativeTarget "SymphonyProjects" */;
			buildPhases = (
				311 /* Sources */,
				312 /* Resources */,
			);
			buildRules = (
			);
			dependencies = (
			);
			name = SymphonyProjects;
			productName = SymphonyProjects;
			productReference = 110 /* SymphonyProjects.app */;
			productType = "com.apple.product-type.application";
		};
		320 /* SymphonySales */ = {
			isa = PBXNativeTarget;
			buildConfigurationList = 420 /* Build configuration list for PBXNativeTarget "SymphonySales" */;
			buildPhases = (
				321 /* Sources */,
				322 /* Resources */,
			);
			buildRules = (
			);
			dependencies = (
			);
			name = SymphonySales;
			productName = SymphonySales;
			productReference = 111 /* SymphonySales.app */;
			productType = "com.apple.product-type.application";
		};
		330 /* SymphonyInstall */ = {
			isa = PBXNativeTarget;
			buildConfigurationList = 430 /* Build configuration list for PBXNativeTarget "SymphonyInstall" */;
			buildPhases = (
				331 /* Sources */,
				332 /* Resources */,
			);
			buildRules = (
			);
			dependencies = (
			);
			name = SymphonyInstall;
			productName = SymphonyInstall;
			productReference = 112 /* SymphonyInstall.app */;
			productType = "com.apple.product-type.application";
		};
		340 /* SymphonyOpsField */ = {
			isa = PBXNativeTarget;
			buildConfigurationList = 440 /* Build configuration list for PBXNativeTarget "SymphonyOpsField" */;
			buildPhases = (
				341 /* Sources */,
				342 /* Resources */,
			);
			buildRules = (
			);
			dependencies = (
			);
			name = SymphonyOpsField;
			productName = SymphonyOpsField;
			productReference = 113 /* SymphonyOpsField.app */;
			productType = "com.apple.product-type.application";
		};
/* End PBXNativeTarget section */

/* Begin PBXProject section */
		500 /* Project object */ = {
			isa = PBXProject;
			attributes = {
				BuildIndependentTargetsInParallel = 1;
				LastSwiftUpdateCheck = 1500;
				LastUpgradeCheck = 2630;
			};
			buildConfigurationList = 501 /* Build configuration list for PBXProject "SymphonyOps" */;
			compatibilityVersion = "Xcode 14.0";
			developmentRegion = en;
			hasScannedForEncodings = 0;
			knownRegions = (
				en,
				Base,
			);
			mainGroup = 200;
			productRefGroup = 202 /* Products */;
			projectDirPath = "";
			projectRoot = "";
			targets = (
				300 /* SymphonyOps */,
				310 /* SymphonyProjects */,
				320 /* SymphonySales */,
				330 /* SymphonyInstall */,
				340 /* SymphonyOpsField */,
			);
		};
/* End PBXProject section */

/* Begin PBXResourcesBuildPhase section */
		302 /* Resources */ = {
			isa = PBXResourcesBuildPhase;
			buildActionMask = 2147483647;
			files = (
				004 /* Assets.xcassets in Resources */,
			);
			runOnlyForDeploymentPostprocessing = 0;
		};
		312 /* Resources */ = {
			isa = PBXResourcesBuildPhase;
			buildActionMask = 2147483647;
			files = (
				004 /* Assets.xcassets in Resources */,
			);
			runOnlyForDeploymentPostprocessing = 0;
		};
		322 /* Resources */ = {
			isa = PBXResourcesBuildPhase;
			buildActionMask = 2147483647;
			files = (
				004 /* Assets.xcassets in Resources */,
			);
			runOnlyForDeploymentPostprocessing = 0;
		};
		332 /* Resources */ = {
			isa = PBXResourcesBuildPhase;
			buildActionMask = 2147483647;
			files = (
				004 /* Assets.xcassets in Resources */,
			);
			runOnlyForDeploymentPostprocessing = 0;
		};
		342 /* Resources */ = {
			isa = PBXResourcesBuildPhase;
			buildActionMask = 2147483647;
			files = (
				004 /* Assets.xcassets in Resources */,
			);
			runOnlyForDeploymentPostprocessing = 0;
		};
/* End PBXResourcesBuildPhase section */

/* Begin PBXSourcesBuildPhase section */
		301 /* Sources */ = {
			isa = PBXSourcesBuildPhase;
			buildActionMask = 2147483647;
			files = (
				001 /* SymphonyOpsApp.swift in Sources */,
				002 /* ContentView.swift in Sources */,
				003 /* APIClient.swift in Sources */,
				005 /* SecretsVault.swift in Sources */,
				006 /* SuiteShell.swift in Sources */,
				007 /* TodayWorkspaceView.swift in Sources */,
				008 /* ProjectsWorkspaceView.swift in Sources */,
				009 /* SalesToolkitView.swift in Sources */,
				00A /* InstallWorkspaceView.swift in Sources */,
				00B /* OpsAutomationView.swift in Sources */,
				00C /* AppVariant.swift in Sources */,
			);
			runOnlyForDeploymentPostprocessing = 0;
		};
		311 /* Sources */ = {
			isa = PBXSourcesBuildPhase;
			buildActionMask = 2147483647;
			files = (
				001 /* SymphonyOpsApp.swift in Sources */,
				002 /* ContentView.swift in Sources */,
				003 /* APIClient.swift in Sources */,
				005 /* SecretsVault.swift in Sources */,
				006 /* SuiteShell.swift in Sources */,
				007 /* TodayWorkspaceView.swift in Sources */,
				008 /* ProjectsWorkspaceView.swift in Sources */,
				009 /* SalesToolkitView.swift in Sources */,
				00A /* InstallWorkspaceView.swift in Sources */,
				00B /* OpsAutomationView.swift in Sources */,
				00C /* AppVariant.swift in Sources */,
			);
			runOnlyForDeploymentPostprocessing = 0;
		};
		321 /* Sources */ = {
			isa = PBXSourcesBuildPhase;
			buildActionMask = 2147483647;
			files = (
				001 /* SymphonyOpsApp.swift in Sources */,
				002 /* ContentView.swift in Sources */,
				003 /* APIClient.swift in Sources */,
				005 /* SecretsVault.swift in Sources */,
				006 /* SuiteShell.swift in Sources */,
				007 /* TodayWorkspaceView.swift in Sources */,
				008 /* ProjectsWorkspaceView.swift in Sources */,
				009 /* SalesToolkitView.swift in Sources */,
				00A /* InstallWorkspaceView.swift in Sources */,
				00B /* OpsAutomationView.swift in Sources */,
				00C /* AppVariant.swift in Sources */,
			);
			runOnlyForDeploymentPostprocessing = 0;
		};
		331 /* Sources */ = {
			isa = PBXSourcesBuildPhase;
			buildActionMask = 2147483647;
			files = (
				001 /* SymphonyOpsApp.swift in Sources */,
				002 /* ContentView.swift in Sources */,
				003 /* APIClient.swift in Sources */,
				005 /* SecretsVault.swift in Sources */,
				006 /* SuiteShell.swift in Sources */,
				007 /* TodayWorkspaceView.swift in Sources */,
				008 /* ProjectsWorkspaceView.swift in Sources */,
				009 /* SalesToolkitView.swift in Sources */,
				00A /* InstallWorkspaceView.swift in Sources */,
				00B /* OpsAutomationView.swift in Sources */,
				00C /* AppVariant.swift in Sources */,
			);
			runOnlyForDeploymentPostprocessing = 0;
		};
		341 /* Sources */ = {
			isa = PBXSourcesBuildPhase;
			buildActionMask = 2147483647;
			files = (
				001 /* SymphonyOpsApp.swift in Sources */,
				002 /* ContentView.swift in Sources */,
				003 /* APIClient.swift in Sources */,
				005 /* SecretsVault.swift in Sources */,
				006 /* SuiteShell.swift in Sources */,
				007 /* TodayWorkspaceView.swift in Sources */,
				008 /* ProjectsWorkspaceView.swift in Sources */,
				009 /* SalesToolkitView.swift in Sources */,
				00A /* InstallWorkspaceView.swift in Sources */,
				00B /* OpsAutomationView.swift in Sources */,
				00C /* AppVariant.swift in Sources */,
			);
			runOnlyForDeploymentPostprocessing = 0;
		};
/* End PBXSourcesBuildPhase section */

/* Begin XCBuildConfiguration section */
		600 /* Debug */ = {
			isa = XCBuildConfiguration;
			buildSettings = {
				ASSETCATALOG_COMPILER_APPICON_NAME = AppIcon;
				ASSETCATALOG_COMPILER_GLOBAL_ACCENT_COLOR_NAME = AccentColor;
				CODE_SIGN_STYLE = Automatic;
				CURRENT_PROJECT_VERSION = 1;
				ENABLE_PREVIEWS = YES;
				GENERATE_INFOPLIST_FILE = NO;
				INFOPLIST_FILE = SymphonyOps/Info.plist;
				INFOPLIST_KEY_CFBundleDisplayName = "Symphony Ops";
				IPHONEOS_DEPLOYMENT_TARGET = 16.0;
				LD_RUNPATH_SEARCH_PATHS = "@executable_path/Frameworks";
				MARKETING_VERSION = 1.0;
				PRODUCT_BUNDLE_IDENTIFIER = com.symphonysh.SymphonyOps;
				PRODUCT_NAME = "$(TARGET_NAME)";
				SDKROOT = iphoneos;
				SWIFT_EMIT_LOC_STRINGS = YES;
				SWIFT_VERSION = 5.0;
				TARGETED_DEVICE_FAMILY = "1,2";
			};
			name = Debug;
		};
		601 /* Release */ = {
			isa = XCBuildConfiguration;
			buildSettings = {
				ASSETCATALOG_COMPILER_APPICON_NAME = AppIcon;
				ASSETCATALOG_COMPILER_GLOBAL_ACCENT_COLOR_NAME = AccentColor;
				CODE_SIGN_STYLE = Automatic;
				CURRENT_PROJECT_VERSION = 1;
				ENABLE_PREVIEWS = YES;
				GENERATE_INFOPLIST_FILE = NO;
				INFOPLIST_FILE = SymphonyOps/Info.plist;
				INFOPLIST_KEY_CFBundleDisplayName = "Symphony Ops";
				IPHONEOS_DEPLOYMENT_TARGET = 16.0;
				LD_RUNPATH_SEARCH_PATHS = "@executable_path/Frameworks";
				MARKETING_VERSION = 1.0;
				PRODUCT_BUNDLE_IDENTIFIER = com.symphonysh.SymphonyOps;
				PRODUCT_NAME = "$(TARGET_NAME)";
				SDKROOT = iphoneos;
				SWIFT_EMIT_LOC_STRINGS = YES;
				SWIFT_VERSION = 5.0;
				TARGETED_DEVICE_FAMILY = "1,2";
			};
			name = Release;
		};
		610 /* Debug */ = {
			isa = XCBuildConfiguration;
			buildSettings = {
				ASSETCATALOG_COMPILER_APPICON_NAME = AppIcon;
				ASSETCATALOG_COMPILER_GLOBAL_ACCENT_COLOR_NAME = AccentColor;
				CODE_SIGN_STYLE = Automatic;
				CURRENT_PROJECT_VERSION = 1;
				ENABLE_PREVIEWS = YES;
				GENERATE_INFOPLIST_FILE = NO;
				INFOPLIST_FILE = SymphonyOps/Info.plist;
				INFOPLIST_KEY_CFBundleDisplayName = "Symphony Projects";
				IPHONEOS_DEPLOYMENT_TARGET = 16.0;
				LD_RUNPATH_SEARCH_PATHS = "@executable_path/Frameworks";
				MARKETING_VERSION = 1.0;
				PRODUCT_BUNDLE_IDENTIFIER = com.symphonysh.SymphonyProjects;
				PRODUCT_NAME = "$(TARGET_NAME)";
				SDKROOT = iphoneos;
				SWIFT_ACTIVE_COMPILATION_CONDITIONS = "DEBUG APP_PROJECTS";
				SWIFT_EMIT_LOC_STRINGS = YES;
				SWIFT_VERSION = 5.0;
				TARGETED_DEVICE_FAMILY = "1,2";
			};
			name = Debug;
		};
		611 /* Release */ = {
			isa = XCBuildConfiguration;
			buildSettings = {
				ASSETCATALOG_COMPILER_APPICON_NAME = AppIcon;
				ASSETCATALOG_COMPILER_GLOBAL_ACCENT_COLOR_NAME = AccentColor;
				CODE_SIGN_STYLE = Automatic;
				CURRENT_PROJECT_VERSION = 1;
				ENABLE_PREVIEWS = YES;
				GENERATE_INFOPLIST_FILE = NO;
				INFOPLIST_FILE = SymphonyOps/Info.plist;
				INFOPLIST_KEY_CFBundleDisplayName = "Symphony Projects";
				IPHONEOS_DEPLOYMENT_TARGET = 16.0;
				LD_RUNPATH_SEARCH_PATHS = "@executable_path/Frameworks";
				MARKETING_VERSION = 1.0;
				PRODUCT_BUNDLE_IDENTIFIER = com.symphonysh.SymphonyProjects;
				PRODUCT_NAME = "$(TARGET_NAME)";
				SDKROOT = iphoneos;
				SWIFT_ACTIVE_COMPILATION_CONDITIONS = APP_PROJECTS;
				SWIFT_EMIT_LOC_STRINGS = YES;
				SWIFT_VERSION = 5.0;
				TARGETED_DEVICE_FAMILY = "1,2";
			};
			name = Release;
		};
		620 /* Debug */ = {
			isa = XCBuildConfiguration;
			buildSettings = {
				ASSETCATALOG_COMPILER_APPICON_NAME = AppIcon;
				ASSETCATALOG_COMPILER_GLOBAL_ACCENT_COLOR_NAME = AccentColor;
				CODE_SIGN_STYLE = Automatic;
				CURRENT_PROJECT_VERSION = 1;
				ENABLE_PREVIEWS = YES;
				GENERATE_INFOPLIST_FILE = NO;
				INFOPLIST_FILE = SymphonyOps/Info.plist;
				INFOPLIST_KEY_CFBundleDisplayName = "Symphony Sales";
				IPHONEOS_DEPLOYMENT_TARGET = 16.0;
				LD_RUNPATH_SEARCH_PATHS = "@executable_path/Frameworks";
				MARKETING_VERSION = 1.0;
				PRODUCT_BUNDLE_IDENTIFIER = com.symphonysh.SymphonySales;
				PRODUCT_NAME = "$(TARGET_NAME)";
				SDKROOT = iphoneos;
				SWIFT_ACTIVE_COMPILATION_CONDITIONS = "DEBUG APP_SALES";
				SWIFT_EMIT_LOC_STRINGS = YES;
				SWIFT_VERSION = 5.0;
				TARGETED_DEVICE_FAMILY = "1,2";
			};
			name = Debug;
		};
		621 /* Release */ = {
			isa = XCBuildConfiguration;
			buildSettings = {
				ASSETCATALOG_COMPILER_APPICON_NAME = AppIcon;
				ASSETCATALOG_COMPILER_GLOBAL_ACCENT_COLOR_NAME = AccentColor;
				CODE_SIGN_STYLE = Automatic;
				CURRENT_PROJECT_VERSION = 1;
				ENABLE_PREVIEWS = YES;
				GENERATE_INFOPLIST_FILE = NO;
				INFOPLIST_FILE = SymphonyOps/Info.plist;
				INFOPLIST_KEY_CFBundleDisplayName = "Symphony Sales";
				IPHONEOS_DEPLOYMENT_TARGET = 16.0;
				LD_RUNPATH_SEARCH_PATHS = "@executable_path/Frameworks";
				MARKETING_VERSION = 1.0;
				PRODUCT_BUNDLE_IDENTIFIER = com.symphonysh.SymphonySales;
				PRODUCT_NAME = "$(TARGET_NAME)";
				SDKROOT = iphoneos;
				SWIFT_ACTIVE_COMPILATION_CONDITIONS = APP_SALES;
				SWIFT_EMIT_LOC_STRINGS = YES;
				SWIFT_VERSION = 5.0;
				TARGETED_DEVICE_FAMILY = "1,2";
			};
			name = Release;
		};
		630 /* Debug */ = {
			isa = XCBuildConfiguration;
			buildSettings = {
				ASSETCATALOG_COMPILER_APPICON_NAME = AppIcon;
				ASSETCATALOG_COMPILER_GLOBAL_ACCENT_COLOR_NAME = AccentColor;
				CODE_SIGN_STYLE = Automatic;
				CURRENT_PROJECT_VERSION = 1;
				ENABLE_PREVIEWS = YES;
				GENERATE_INFOPLIST_FILE = NO;
				INFOPLIST_FILE = SymphonyOps/Info.plist;
				INFOPLIST_KEY_CFBundleDisplayName = "Symphony Install";
				IPHONEOS_DEPLOYMENT_TARGET = 16.0;
				LD_RUNPATH_SEARCH_PATHS = "@executable_path/Frameworks";
				MARKETING_VERSION = 1.0;
				PRODUCT_BUNDLE_IDENTIFIER = com.symphonysh.SymphonyInstall;
				PRODUCT_NAME = "$(TARGET_NAME)";
				SDKROOT = iphoneos;
				SWIFT_ACTIVE_COMPILATION_CONDITIONS = "DEBUG APP_INSTALL";
				SWIFT_EMIT_LOC_STRINGS = YES;
				SWIFT_VERSION = 5.0;
				TARGETED_DEVICE_FAMILY = "1,2";
			};
			name = Debug;
		};
		631 /* Release */ = {
			isa = XCBuildConfiguration;
			buildSettings = {
				ASSETCATALOG_COMPILER_APPICON_NAME = AppIcon;
				ASSETCATALOG_COMPILER_GLOBAL_ACCENT_COLOR_NAME = AccentColor;
				CODE_SIGN_STYLE = Automatic;
				CURRENT_PROJECT_VERSION = 1;
				ENABLE_PREVIEWS = YES;
				GENERATE_INFOPLIST_FILE = NO;
				INFOPLIST_FILE = SymphonyOps/Info.plist;
				INFOPLIST_KEY_CFBundleDisplayName = "Symphony Install";
				IPHONEOS_DEPLOYMENT_TARGET = 16.0;
				LD_RUNPATH_SEARCH_PATHS = "@executable_path/Frameworks";
				MARKETING_VERSION = 1.0;
				PRODUCT_BUNDLE_IDENTIFIER = com.symphonysh.SymphonyInstall;
				PRODUCT_NAME = "$(TARGET_NAME)";
				SDKROOT = iphoneos;
				SWIFT_ACTIVE_COMPILATION_CONDITIONS = APP_INSTALL;
				SWIFT_EMIT_LOC_STRINGS = YES;
				SWIFT_VERSION = 5.0;
				TARGETED_DEVICE_FAMILY = "1,2";
			};
			name = Release;
		};
		640 /* Debug */ = {
			isa = XCBuildConfiguration;
			buildSettings = {
				ASSETCATALOG_COMPILER_APPICON_NAME = AppIcon;
				ASSETCATALOG_COMPILER_GLOBAL_ACCENT_COLOR_NAME = AccentColor;
				CODE_SIGN_STYLE = Automatic;
				CURRENT_PROJECT_VERSION = 1;
				ENABLE_PREVIEWS = YES;
				GENERATE_INFOPLIST_FILE = NO;
				INFOPLIST_FILE = SymphonyOps/Info.plist;
				INFOPLIST_KEY_CFBundleDisplayName = "Symphony Ops Field";
				IPHONEOS_DEPLOYMENT_TARGET = 16.0;
				LD_RUNPATH_SEARCH_PATHS = "@executable_path/Frameworks";
				MARKETING_VERSION = 1.0;
				PRODUCT_BUNDLE_IDENTIFIER = com.symphonysh.SymphonyOpsField;
				PRODUCT_NAME = "$(TARGET_NAME)";
				SDKROOT = iphoneos;
				SWIFT_ACTIVE_COMPILATION_CONDITIONS = "DEBUG APP_OPS";
				SWIFT_EMIT_LOC_STRINGS = YES;
				SWIFT_VERSION = 5.0;
				TARGETED_DEVICE_FAMILY = "1,2";
			};
			name = Debug;
		};
		641 /* Release */ = {
			isa = XCBuildConfiguration;
			buildSettings = {
				ASSETCATALOG_COMPILER_APPICON_NAME = AppIcon;
				ASSETCATALOG_COMPILER_GLOBAL_ACCENT_COLOR_NAME = AccentColor;
				CODE_SIGN_STYLE = Automatic;
				CURRENT_PROJECT_VERSION = 1;
				ENABLE_PREVIEWS = YES;
				GENERATE_INFOPLIST_FILE = NO;
				INFOPLIST_FILE = SymphonyOps/Info.plist;
				INFOPLIST_KEY_CFBundleDisplayName = "Symphony Ops Field";
				IPHONEOS_DEPLOYMENT_TARGET = 16.0;
				LD_RUNPATH_SEARCH_PATHS = "@executable_path/Frameworks";
				MARKETING_VERSION = 1.0;
				PRODUCT_BUNDLE_IDENTIFIER = com.symphonysh.SymphonyOpsField;
				PRODUCT_NAME = "$(TARGET_NAME)";
				SDKROOT = iphoneos;
				SWIFT_ACTIVE_COMPILATION_CONDITIONS = APP_OPS;
				SWIFT_EMIT_LOC_STRINGS = YES;
				SWIFT_VERSION = 5.0;
				TARGETED_DEVICE_FAMILY = "1,2";
			};
			name = Release;
		};
		700 /* Debug */ = {
			isa = XCBuildConfiguration;
			buildSettings = {
				ALWAYS_SEARCH_USER_PATHS = NO;
				ASSETCATALOG_COMPILER_GENERATE_SWIFT_ASSET_SYMBOL_EXTENSIONS = YES;
				CLANG_ANALYZER_NONNULL = YES;
				CLANG_ANALYZER_NUMBER_OBJECT_CONVERSION = YES_AGGRESSIVE;
				CLANG_CXX_LANGUAGE_STANDARD = "gnu++20";
				CLANG_ENABLE_MODULES = YES;
				CLANG_ENABLE_OBJC_ARC = YES;
				CLANG_ENABLE_OBJC_WEAK = YES;
				CLANG_WARN_BLOCK_CAPTURE_AUTORELEASING = YES;
				CLANG_WARN_BOOL_CONVERSION = YES;
				CLANG_WARN_COMMA = YES;
				CLANG_WARN_CONSTANT_CONVERSION = YES;
				CLANG_WARN_DEPRECATED_OBJC_IMPLEMENTATIONS = YES;
				CLANG_WARN_DIRECT_OBJC_ISA_USAGE = YES_ERROR;
				CLANG_WARN_DOCUMENTATION_COMMENTS = YES;
				CLANG_WARN_EMPTY_BODY = YES;
				CLANG_WARN_ENUM_CONVERSION = YES;
				CLANG_WARN_INFINITE_RECURSION = YES;
				CLANG_WARN_INT_CONVERSION = YES;
				CLANG_WARN_NON_LITERAL_NULL_CONVERSION = YES;
				CLANG_WARN_OBJC_IMPLICIT_RETAIN_SELF = YES;
				CLANG_WARN_OBJC_LITERAL_CONVERSION = YES;
				CLANG_WARN_OBJC_ROOT_CLASS = YES_ERROR;
				CLANG_WARN_QUOTED_INCLUDE_IN_FRAMEWORK_HEADER = YES;
				CLANG_WARN_RANGE_LOOP_ANALYSIS = YES;
				CLANG_WARN_STRICT_PROTOTYPES = YES;
				CLANG_WARN_SUSPICIOUS_MOVE = YES;
				CLANG_WARN_UNGUARDED_AVAILABILITY = YES_AGGRESSIVE;
				CLANG_WARN_UNREACHABLE_CODE = YES;
				CLANG_WARN__DUPLICATE_METHOD_MATCH = YES;
				COPY_PHASE_STRIP = NO;
				DEAD_CODE_STRIPPING = YES;
				DEBUG_INFORMATION_FORMAT = dwarf;
				DEVELOPMENT_TEAM = FH9DWR4JJ8;
				ENABLE_STRICT_OBJC_MSGSEND = YES;
				ENABLE_TESTABILITY = YES;
				ENABLE_USER_SCRIPT_SANDBOXING = YES;
				GCC_C_LANGUAGE_STANDARD = gnu11;
				GCC_DYNAMIC_NO_PIC = NO;
				GCC_NO_COMMON_BLOCKS = YES;
				GCC_OPTIMIZATION_LEVEL = 0;
				GCC_PREPROCESSOR_DEFINITIONS = (
					"DEBUG=1",
					"$(inherited)",
				);
				GCC_WARN_64_TO_32_BIT_CONVERSION = YES;
				GCC_WARN_ABOUT_RETURN_TYPE = YES_ERROR;
				GCC_WARN_UNDECLARED_SELECTOR = YES;
				GCC_WARN_UNINITIALIZED_AUTOS = YES_AGGRESSIVE;
				GCC_WARN_UNUSED_FUNCTION = YES;
				GCC_WARN_UNUSED_VARIABLE = YES;
				MTL_ENABLE_DEBUG_INFO = INCLUDE_SOURCE;
				MTL_FAST_MATH = YES;
				ONLY_ACTIVE_ARCH = YES;
				STRING_CATALOG_GENERATE_SYMBOLS = YES;
				SWIFT_ACTIVE_COMPILATION_CONDITIONS = DEBUG;
				SWIFT_OPTIMIZATION_LEVEL = "-Onone";
			};
			name = Debug;
		};
		701 /* Release */ = {
			isa = XCBuildConfiguration;
			buildSettings = {
				ALWAYS_SEARCH_USER_PATHS = NO;
				ASSETCATALOG_COMPILER_GENERATE_SWIFT_ASSET_SYMBOL_EXTENSIONS = YES;
				CLANG_ANALYZER_NONNULL = YES;
				CLANG_ANALYZER_NUMBER_OBJECT_CONVERSION = YES_AGGRESSIVE;
				CLANG_CXX_LANGUAGE_STANDARD = "gnu++20";
				CLANG_ENABLE_MODULES = YES;
				CLANG_ENABLE_OBJC_ARC = YES;
				CLANG_ENABLE_OBJC_WEAK = YES;
				CLANG_WARN_BLOCK_CAPTURE_AUTORELEASING = YES;
				CLANG_WARN_BOOL_CONVERSION = YES;
				CLANG_WARN_COMMA = YES;
				CLANG_WARN_CONSTANT_CONVERSION = YES;
				CLANG_WARN_DEPRECATED_OBJC_IMPLEMENTATIONS = YES;
				CLANG_WARN_DIRECT_OBJC_ISA_USAGE = YES_ERROR;
				CLANG_WARN_DOCUMENTATION_COMMENTS = YES;
				CLANG_WARN_EMPTY_BODY = YES;
				CLANG_WARN_ENUM_CONVERSION = YES;
				CLANG_WARN_INFINITE_RECURSION = YES;
				CLANG_WARN_INT_CONVERSION = YES;
				CLANG_WARN_NON_LITERAL_NULL_CONVERSION = YES;
				CLANG_WARN_OBJC_IMPLICIT_RETAIN_SELF = YES;
				CLANG_WARN_OBJC_LITERAL_CONVERSION = YES;
				CLANG_WARN_OBJC_ROOT_CLASS = YES_ERROR;
				CLANG_WARN_QUOTED_INCLUDE_IN_FRAMEWORK_HEADER = YES;
				CLANG_WARN_RANGE_LOOP_ANALYSIS = YES;
				CLANG_WARN_STRICT_PROTOTYPES = YES;
				CLANG_WARN_SUSPICIOUS_MOVE = YES;
				CLANG_WARN_UNGUARDED_AVAILABILITY = YES_AGGRESSIVE;
				CLANG_WARN_UNREACHABLE_CODE = YES;
				CLANG_WARN__DUPLICATE_METHOD_MATCH = YES;
				COPY_PHASE_STRIP = NO;
				DEAD_CODE_STRIPPING = YES;
				DEBUG_INFORMATION_FORMAT = "dwarf-with-dsym";
				DEVELOPMENT_TEAM = FH9DWR4JJ8;
				ENABLE_NS_ASSERTIONS = NO;
				ENABLE_STRICT_OBJC_MSGSEND = YES;
				ENABLE_USER_SCRIPT_SANDBOXING = YES;
				GCC_C_LANGUAGE_STANDARD = gnu11;
				GCC_NO_COMMON_BLOCKS = YES;
				GCC_WARN_64_TO_32_BIT_CONVERSION = YES;
				GCC_WARN_ABOUT_RETURN_TYPE = YES_ERROR;
				GCC_WARN_UNDECLARED_SELECTOR = YES;
				GCC_WARN_UNINITIALIZED_AUTOS = YES_AGGRESSIVE;
				GCC_WARN_UNUSED_FUNCTION = YES;
				GCC_WARN_UNUSED_VARIABLE = YES;
				MTL_ENABLE_DEBUG_INFO = NO;
				MTL_FAST_MATH = YES;
				STRING_CATALOG_GENERATE_SYMBOLS = YES;
				SWIFT_COMPILATION_MODE = wholemodule;
				SWIFT_OPTIMIZATION_LEVEL = "-O";
			};
			name = Release;
		};
/* End XCBuildConfiguration section */

/* Begin XCConfigurationList section */
		400 /* Build configuration list for PBXNativeTarget "SymphonyOps" */ = {
			isa = XCConfigurationList;
			buildConfigurations = (
				600 /* Debug */,
				601 /* Release */,
			);
			defaultConfigurationIsVisible = 0;
			defaultConfigurationName = Release;
		};
		410 /* Build configuration list for PBXNativeTarget "SymphonyProjects" */ = {
			isa = XCConfigurationList;
			buildConfigurations = (
				610 /* Debug */,
				611 /* Release */,
			);
			defaultConfigurationIsVisible = 0;
			defaultConfigurationName = Release;
		};
		420 /* Build configuration list for PBXNativeTarget "SymphonySales" */ = {
			isa = XCConfigurationList;
			buildConfigurations = (
				620 /* Debug */,
				621 /* Release */,
			);
			defaultConfigurationIsVisible = 0;
			defaultConfigurationName = Release;
		};
		430 /* Build configuration list for PBXNativeTarget "SymphonyInstall" */ = {
			isa = XCConfigurationList;
			buildConfigurations = (
				630 /* Debug */,
				631 /* Release */,
			);
			defaultConfigurationIsVisible = 0;
			defaultConfigurationName = Release;
		};
		440 /* Build configuration list for PBXNativeTarget "SymphonyOpsField" */ = {
			isa = XCConfigurationList;
			buildConfigurations = (
				640 /* Debug */,
				641 /* Release */,
			);
			defaultConfigurationIsVisible = 0;
			defaultConfigurationName = Release;
		};
		501 /* Build configuration list for PBXProject "SymphonyOps" */ = {
			isa = XCConfigurationList;
			buildConfigurations = (
				700 /* Debug */,
				701 /* Release */,
			);
			defaultConfigurationIsVisible = 0;
			defaultConfigurationName = Release;
		};
/* End XCConfigurationList section */
	};
	rootObject = 500 /* Project object */;
}
